
Microsoft Visual Studio Solution File, Format Version 12.00
# Visual Studio Version 17
VisualStudioVersion = 17.10.35027.167
MinimumVisualStudioVersion = 10.0.40219.1
Project("{2150E333-8FDC-42A3-9474-1A3956D46DE8}") = "StructuralPattern", "StructuralPattern", "{611DEE28-C6D6-40EF-95FA-4092E9F32AA0}"
EndProject
Project("{2150E333-8FDC-42A3-9474-1A3956D46DE8}") = "CreationalPattern", "CreationalPattern", "{417D5E6E-144A-470B-BEAB-98AB1EC343E0}"
EndProject
Project("{2150E333-8FDC-42A3-9474-1A3956D46DE8}") = "DesignPattern", "DesignPattern", "{3DF50B60-19A7-4A1C-B06D-C697DCD9D76B}"
EndProject
Project("{9A19103F-16F7-4668-BE54-9A1E7A4F7556}") = "FactoryMethod.Design.Pattern", "DesignPattern\CreationalPattern\FactoryMethod.Design.Pattern\FactoryMethod.Design.Pattern.csproj", "{874976AE-209D-438B-8F57-C0384D07EFAB}"
EndProject
Project("{9A19103F-16F7-4668-BE54-9A1E7A4F7556}") = "Facade.Design.Pattern", "DesignPattern\StructuralPattern\Facade.Design.Pattern\Facade.Design.Pattern.csproj", "{450BB423-42CC-45C7-A65A-A347078B8895}"
EndProject
Project("{9A19103F-16F7-4668-BE54-9A1E7A4F7556}") = "Decorator.Design.Pattern", "DesignPattern\StructuralPattern\Decorator.Design.Pattern\Decorator.Design.Pattern.csproj", "{C7979EED-5DF0-4B00-8803-85708CD452F1}"
EndProject
Project("{2150E333-8FDC-42A3-9474-1A3956D46DE8}") = "BehavioralPattern", "BehavioralPattern", "{F578E335-02D7-4ABF-A293-65F5BBFD2A02}"
EndProject
Project("{9A19103F-16F7-4668-BE54-9A1E7A4F7556}") = "Observer.Design.Pattern", "DesignPattern\BehavioralPattern\Observer.Design.Pattern\Observer.Design.Pattern.csproj", "{48648956-05DE-4E46-A009-2876F092F1B9}"
EndProject
Project("{9A19103F-16F7-4668-BE54-9A1E7A4F7556}") = "Command.Design.Pattern", "DesignPattern\BehavioralPattern\Command.Design.Pattern\Command.Design.Pattern.csproj", "{5322DAEF-AF6F-4DEF-8059-56550A682F63}"
EndProject
Project("{2150E333-8FDC-42A3-9474-1A3956D46DE8}") = "DelegatesEvents", "DelegatesEvents", "{C365BC0D-8E76-4933-9D67-4CF36019B614}"
EndProject
Project("{9A19103F-16F7-4668-BE54-9A1E7A4F7556}") = "DelegatesEvents", "DelegatesEvents\DelegatesEvents\DelegatesEvents.csproj", "{E459DBE8-FCD0-413D-BB07-E581E73011C4}"
EndProject
Project("{9A19103F-16F7-4668-BE54-9A1E7A4F7556}") = "DelegatesCrudExemple", "DelegatesEvents\DelegatesCrudExemple\DelegatesCrudExemple.csproj", "{86227639-1074-4B60-AE90-CF8AD07148AA}"
EndProject
Project("{FAE04EC0-301F-11D3-BF4B-00C04F79EFBC}") = "Singleton.Design.Pattern", "DesignPattern\CreationalPattern\Singleton.Design.Pattern\Singleton.Design.Pattern.csproj", "{DED1297A-0E8F-418E-A667-597EA25AD198}"
EndProject
Project("{2150E333-8FDC-42A3-9474-1A3956D46DE8}") = "ManagementErrors", "ManagementErrors", "{63FA1690-57E3-4540-BAF3-A08C7EB5EBF9}"
EndProject
Project("{2150E333-8FDC-42A3-9474-1A3956D46DE8}") = "ResultPattern", "ResultPattern", "{3FB64B59-6E80-4CF4-BB08-720016EA5A7A}"
EndProject
Project("{FAE04EC0-301F-11D3-BF4B-00C04F79EFBC}") = "ResultPatternOneOf.Application", "ManagementErrors\ResultPattern\ResultPatternOneOf.Application\ResultPatternOneOf.Application.csproj", "{AFFF8DF1-BDC2-4423-B064-31B991856484}"
EndProject
Project("{2150E333-8FDC-42A3-9474-1A3956D46DE8}") = "BinarySearch", "BinarySearch", "{C0EB6BAB-0B5B-1CE5-0CA5-DFA179D58801}"
EndProject
Project("{FAE04EC0-301F-11D3-BF4B-00C04F79EFBC}") = "AVLTree", "BinarySearch\AVLTree\AVLTree.csproj", "{F4860D2C-52AE-4635-8593-BC7FA7D9BA75}"
EndProject
Project("{2150E333-8FDC-42A3-9474-1A3956D46DE8}") = "SortingAlgorithm", "SortingAlgorithm", "{0D892DE6-664F-4FA6-BFCB-4411E1ABF398}"
EndProject
Project("{FAE04EC0-301F-11D3-BF4B-00C04F79EFBC}") = "SampleExample", "SortingAlgorithm\SampleExample\SampleExample.csproj", "{4A4F0F63-9224-47C2-85E8-73848B325AC8}"
EndProject
Project("{2150E333-8FDC-42A3-9474-1A3956D46DE8}") = "Webhook", "Webhook", "{C8FA87B8-F880-A31F-22BB-D2ADFFC14D73}"
EndProject
Project("{2150E333-8FDC-42A3-9474-1A3956D46DE8}") = "SampleExample", "SampleExample", "{551EDE60-4BD3-41F7-B4C4-7131DF14353F}"
EndProject
Project("{FAE04EC0-301F-11D3-BF4B-00C04F79EFBC}") = "Webhook.Client", "Webhook.Client\Webhook.Client.csproj", "{AAA979BF-0301-459A-AC4A-9A54D07CE909}"
EndProject
Project("{FAE04EC0-301F-11D3-BF4B-00C04F79EFBC}") = "Webhook.Server", "Webhook.Server\Webhook.Server.csproj", "{B0A4AD90-166E-4483-9E5D-FEBC63547415}"
EndProject
Global
	GlobalSection(SolutionConfigurationPlatforms) = preSolution
		Debug|Any CPU = Debug|Any CPU
		Debug|x64 = Debug|x64
		Debug|x86 = Debug|x86
		Release|Any CPU = Release|Any CPU
		Release|x64 = Release|x64
		Release|x86 = Release|x86
	EndGlobalSection
	GlobalSection(ProjectConfigurationPlatforms) = postSolution
		{874976AE-209D-438B-8F57-C0384D07EFAB}.Debug|Any CPU.ActiveCfg = Debug|Any CPU
		{874976AE-209D-438B-8F57-C0384D07EFAB}.Debug|Any CPU.Build.0 = Debug|Any CPU
		{874976AE-209D-438B-8F57-C0384D07EFAB}.Debug|x64.ActiveCfg = Debug|Any CPU
		{874976AE-209D-438B-8F57-C0384D07EFAB}.Debug|x64.Build.0 = Debug|Any CPU
		{874976AE-209D-438B-8F57-C0384D07EFAB}.Debug|x86.ActiveCfg = Debug|Any CPU
		{874976AE-209D-438B-8F57-C0384D07EFAB}.Debug|x86.Build.0 = Debug|Any CPU
		{874976AE-209D-438B-8F57-C0384D07EFAB}.Release|Any CPU.ActiveCfg = Release|Any CPU
		{874976AE-209D-438B-8F57-C0384D07EFAB}.Release|Any CPU.Build.0 = Release|Any CPU
		{874976AE-209D-438B-8F57-C0384D07EFAB}.Release|x64.ActiveCfg = Release|Any CPU
		{874976AE-209D-438B-8F57-C0384D07EFAB}.Release|x64.Build.0 = Release|Any CPU
		{874976AE-209D-438B-8F57-C0384D07EFAB}.Release|x86.ActiveCfg = Release|Any CPU
		{874976AE-209D-438B-8F57-C0384D07EFAB}.Release|x86.Build.0 = Release|Any CPU
		{450BB423-42CC-45C7-A65A-A347078B8895}.Debug|Any CPU.ActiveCfg = Debug|Any CPU
		{450BB423-42CC-45C7-A65A-A347078B8895}.Debug|Any CPU.Build.0 = Debug|Any CPU
		{450BB423-42CC-45C7-A65A-A347078B8895}.Debug|x64.ActiveCfg = Debug|Any CPU
		{450BB423-42CC-45C7-A65A-A347078B8895}.Debug|x64.Build.0 = Debug|Any CPU
		{450BB423-42CC-45C7-A65A-A347078B8895}.Debug|x86.ActiveCfg = Debug|Any CPU
		{450BB423-42CC-45C7-A65A-A347078B8895}.Debug|x86.Build.0 = Debug|Any CPU
		{450BB423-42CC-45C7-A65A-A347078B8895}.Release|Any CPU.ActiveCfg = Release|Any CPU
		{450BB423-42CC-45C7-A65A-A347078B8895}.Release|Any CPU.Build.0 = Release|Any CPU
		{450BB423-42CC-45C7-A65A-A347078B8895}.Release|x64.ActiveCfg = Release|Any CPU
		{450BB423-42CC-45C7-A65A-A347078B8895}.Release|x64.Build.0 = Release|Any CPU
		{450BB423-42CC-45C7-A65A-A347078B8895}.Release|x86.ActiveCfg = Release|Any CPU
		{450BB423-42CC-45C7-A65A-A347078B8895}.Release|x86.Build.0 = Release|Any CPU
		{C7979EED-5DF0-4B00-8803-85708CD452F1}.Debug|Any CPU.ActiveCfg = Debug|Any CPU
		{C7979EED-5DF0-4B00-8803-85708CD452F1}.Debug|Any CPU.Build.0 = Debug|Any CPU
		{C7979EED-5DF0-4B00-8803-85708CD452F1}.Debug|x64.ActiveCfg = Debug|Any CPU
		{C7979EED-5DF0-4B00-8803-85708CD452F1}.Debug|x64.Build.0 = Debug|Any CPU
		{C7979EED-5DF0-4B00-8803-85708CD452F1}.Debug|x86.ActiveCfg = Debug|Any CPU
		{C7979EED-5DF0-4B00-8803-85708CD452F1}.Debug|x86.Build.0 = Debug|Any CPU
		{C7979EED-5DF0-4B00-8803-85708CD452F1}.Release|Any CPU.ActiveCfg = Release|Any CPU
		{C7979EED-5DF0-4B00-8803-85708CD452F1}.Release|Any CPU.Build.0 = Release|Any CPU
		{C7979EED-5DF0-4B00-8803-85708CD452F1}.Release|x64.ActiveCfg = Release|Any CPU
		{C7979EED-5DF0-4B00-8803-85708CD452F1}.Release|x64.Build.0 = Release|Any CPU
		{C7979EED-5DF0-4B00-8803-85708CD452F1}.Release|x86.ActiveCfg = Release|Any CPU
		{C7979EED-5DF0-4B00-8803-85708CD452F1}.Release|x86.Build.0 = Release|Any CPU
		{48648956-05DE-4E46-A009-2876F092F1B9}.Debug|Any CPU.ActiveCfg = Debug|Any CPU
		{48648956-05DE-4E46-A009-2876F092F1B9}.Debug|Any CPU.Build.0 = Debug|Any CPU
		{48648956-05DE-4E46-A009-2876F092F1B9}.Debug|x64.ActiveCfg = Debug|Any CPU
		{48648956-05DE-4E46-A009-2876F092F1B9}.Debug|x64.Build.0 = Debug|Any CPU
		{48648956-05DE-4E46-A009-2876F092F1B9}.Debug|x86.ActiveCfg = Debug|Any CPU
		{48648956-05DE-4E46-A009-2876F092F1B9}.Debug|x86.Build.0 = Debug|Any CPU
		{48648956-05DE-4E46-A009-2876F092F1B9}.Release|Any CPU.ActiveCfg = Release|Any CPU
		{48648956-05DE-4E46-A009-2876F092F1B9}.Release|Any CPU.Build.0 = Release|Any CPU
		{48648956-05DE-4E46-A009-2876F092F1B9}.Release|x64.ActiveCfg = Release|Any CPU
		{48648956-05DE-4E46-A009-2876F092F1B9}.Release|x64.Build.0 = Release|Any CPU
		{48648956-05DE-4E46-A009-2876F092F1B9}.Release|x86.ActiveCfg = Release|Any CPU
		{48648956-05DE-4E46-A009-2876F092F1B9}.Release|x86.Build.0 = Release|Any CPU
		{5322DAEF-AF6F-4DEF-8059-56550A682F63}.Debug|Any CPU.ActiveCfg = Debug|Any CPU
		{5322DAEF-AF6F-4DEF-8059-56550A682F63}.Debug|Any CPU.Build.0 = Debug|Any CPU
		{5322DAEF-AF6F-4DEF-8059-56550A682F63}.Debug|x64.ActiveCfg = Debug|Any CPU
		{5322DAEF-AF6F-4DEF-8059-56550A682F63}.Debug|x64.Build.0 = Debug|Any CPU
		{5322DAEF-AF6F-4DEF-8059-56550A682F63}.Debug|x86.ActiveCfg = Debug|Any CPU
		{5322DAEF-AF6F-4DEF-8059-56550A682F63}.Debug|x86.Build.0 = Debug|Any CPU
		{5322DAEF-AF6F-4DEF-8059-56550A682F63}.Release|Any CPU.ActiveCfg = Release|Any CPU
		{5322DAEF-AF6F-4DEF-8059-56550A682F63}.Release|Any CPU.Build.0 = Release|Any CPU
		{5322DAEF-AF6F-4DEF-8059-56550A682F63}.Release|x64.ActiveCfg = Release|Any CPU
		{5322DAEF-AF6F-4DEF-8059-56550A682F63}.Release|x64.Build.0 = Release|Any CPU
		{5322DAEF-AF6F-4DEF-8059-56550A682F63}.Release|x86.ActiveCfg = Release|Any CPU
		{5322DAEF-AF6F-4DEF-8059-56550A682F63}.Release|x86.Build.0 = Release|Any CPU
		{E459DBE8-FCD0-413D-BB07-E581E73011C4}.Debug|Any CPU.ActiveCfg = Debug|Any CPU
		{E459DBE8-FCD0-413D-BB07-E581E73011C4}.Debug|Any CPU.Build.0 = Debug|Any CPU
		{E459DBE8-FCD0-413D-BB07-E581E73011C4}.Debug|x64.ActiveCfg = Debug|Any CPU
		{E459DBE8-FCD0-413D-BB07-E581E73011C4}.Debug|x64.Build.0 = Debug|Any CPU
		{E459DBE8-FCD0-413D-BB07-E581E73011C4}.Debug|x86.ActiveCfg = Debug|Any CPU
		{E459DBE8-FCD0-413D-BB07-E581E73011C4}.Debug|x86.Build.0 = Debug|Any CPU
		{E459DBE8-FCD0-413D-BB07-E581E73011C4}.Release|Any CPU.ActiveCfg = Release|Any CPU
		{E459DBE8-FCD0-413D-BB07-E581E73011C4}.Release|Any CPU.Build.0 = Release|Any CPU
		{E459DBE8-FCD0-413D-BB07-E581E73011C4}.Release|x64.ActiveCfg = Release|Any CPU
		{E459DBE8-FCD0-413D-BB07-E581E73011C4}.Release|x64.Build.0 = Release|Any CPU
		{E459DBE8-FCD0-413D-BB07-E581E73011C4}.Release|x86.ActiveCfg = Release|Any CPU
		{E459DBE8-FCD0-413D-BB07-E581E73011C4}.Release|x86.Build.0 = Release|Any CPU
		{86227639-1074-4B60-AE90-CF8AD07148AA}.Debug|Any CPU.ActiveCfg = Debug|Any CPU
		{86227639-1074-4B60-AE90-CF8AD07148AA}.Debug|Any CPU.Build.0 = Debug|Any CPU
		{86227639-1074-4B60-AE90-CF8AD07148AA}.Debug|x64.ActiveCfg = Debug|Any CPU
		{86227639-1074-4B60-AE90-CF8AD07148AA}.Debug|x64.Build.0 = Debug|Any CPU
		{86227639-1074-4B60-AE90-CF8AD07148AA}.Debug|x86.ActiveCfg = Debug|Any CPU
		{86227639-1074-4B60-AE90-CF8AD07148AA}.Debug|x86.Build.0 = Debug|Any CPU
		{86227639-1074-4B60-AE90-CF8AD07148AA}.Release|Any CPU.ActiveCfg = Release|Any CPU
		{86227639-1074-4B60-AE90-CF8AD07148AA}.Release|Any CPU.Build.0 = Release|Any CPU
		{86227639-1074-4B60-AE90-CF8AD07148AA}.Release|x64.ActiveCfg = Release|Any CPU
		{86227639-1074-4B60-AE90-CF8AD07148AA}.Release|x64.Build.0 = Release|Any CPU
		{86227639-1074-4B60-AE90-CF8AD07148AA}.Release|x86.ActiveCfg = Release|Any CPU
		{86227639-1074-4B60-AE90-CF8AD07148AA}.Release|x86.Build.0 = Release|Any CPU
		{DED1297A-0E8F-418E-A667-597EA25AD198}.Debug|Any CPU.ActiveCfg = Debug|Any CPU
		{DED1297A-0E8F-418E-A667-597EA25AD198}.Debug|Any CPU.Build.0 = Debug|Any CPU
		{DED1297A-0E8F-418E-A667-597EA25AD198}.Debug|x64.ActiveCfg = Debug|Any CPU
		{DED1297A-0E8F-418E-A667-597EA25AD198}.Debug|x64.Build.0 = Debug|Any CPU
		{DED1297A-0E8F-418E-A667-597EA25AD198}.Debug|x86.ActiveCfg = Debug|Any CPU
		{DED1297A-0E8F-418E-A667-597EA25AD198}.Debug|x86.Build.0 = Debug|Any CPU
		{DED1297A-0E8F-418E-A667-597EA25AD198}.Release|Any CPU.ActiveCfg = Release|Any CPU
		{DED1297A-0E8F-418E-A667-597EA25AD198}.Release|Any CPU.Build.0 = Release|Any CPU
		{DED1297A-0E8F-418E-A667-597EA25AD198}.Release|x64.ActiveCfg = Release|Any CPU
		{DED1297A-0E8F-418E-A667-597EA25AD198}.Release|x64.Build.0 = Release|Any CPU
		{DED1297A-0E8F-418E-A667-597EA25AD198}.Release|x86.ActiveCfg = Release|Any CPU
		{DED1297A-0E8F-418E-A667-597EA25AD198}.Release|x86.Build.0 = Release|Any CPU
		{AFFF8DF1-BDC2-4423-B064-31B991856484}.Debug|Any CPU.ActiveCfg = Debug|Any CPU
		{AFFF8DF1-BDC2-4423-B064-31B991856484}.Debug|Any CPU.Build.0 = Debug|Any CPU
		{AFFF8DF1-BDC2-4423-B064-31B991856484}.Debug|x64.ActiveCfg = Debug|Any CPU
		{AFFF8DF1-BDC2-4423-B064-31B991856484}.Debug|x64.Build.0 = Debug|Any CPU
		{AFFF8DF1-BDC2-4423-B064-31B991856484}.Debug|x86.ActiveCfg = Debug|Any CPU
		{AFFF8DF1-BDC2-4423-B064-31B991856484}.Debug|x86.Build.0 = Debug|Any CPU
		{AFFF8DF1-BDC2-4423-B064-31B991856484}.Release|Any CPU.ActiveCfg = Release|Any CPU
		{AFFF8DF1-BDC2-4423-B064-31B991856484}.Release|Any CPU.Build.0 = Release|Any CPU
		{AFFF8DF1-BDC2-4423-B064-31B991856484}.Release|x64.ActiveCfg = Release|Any CPU
		{AFFF8DF1-BDC2-4423-B064-31B991856484}.Release|x64.Build.0 = Release|Any CPU
		{AFFF8DF1-BDC2-4423-B064-31B991856484}.Release|x86.ActiveCfg = Release|Any CPU
		{AFFF8DF1-BDC2-4423-B064-31B991856484}.Release|x86.Build.0 = Release|Any CPU
		{F4860D2C-52AE-4635-8593-BC7FA7D9BA75}.Debug|Any CPU.ActiveCfg = Debug|Any CPU
		{F4860D2C-52AE-4635-8593-BC7FA7D9BA75}.Debug|Any CPU.Build.0 = Debug|Any CPU
		{F4860D2C-52AE-4635-8593-BC7FA7D9BA75}.Debug|x64.ActiveCfg = Debug|Any CPU
		{F4860D2C-52AE-4635-8593-BC7FA7D9BA75}.Debug|x64.Build.0 = Debug|Any CPU
		{F4860D2C-52AE-4635-8593-BC7FA7D9BA75}.Debug|x86.ActiveCfg = Debug|Any CPU
		{F4860D2C-52AE-4635-8593-BC7FA7D9BA75}.Debug|x86.Build.0 = Debug|Any CPU
		{F4860D2C-52AE-4635-8593-BC7FA7D9BA75}.Release|Any CPU.ActiveCfg = Release|Any CPU
		{F4860D2C-52AE-4635-8593-BC7FA7D9BA75}.Release|Any CPU.Build.0 = Release|Any CPU
		{F4860D2C-52AE-4635-8593-BC7FA7D9BA75}.Release|x64.ActiveCfg = Release|Any CPU
		{F4860D2C-52AE-4635-8593-BC7FA7D9BA75}.Release|x64.Build.0 = Release|Any CPU
		{F4860D2C-52AE-4635-8593-BC7FA7D9BA75}.Release|x86.ActiveCfg = Release|Any CPU
		{F4860D2C-52AE-4635-8593-BC7FA7D9BA75}.Release|x86.Build.0 = Release|Any CPU
		{4A4F0F63-9224-47C2-85E8-73848B325AC8}.Debug|Any CPU.ActiveCfg = Debug|Any CPU
		{4A4F0F63-9224-47C2-85E8-73848B325AC8}.Debug|Any CPU.Build.0 = Debug|Any CPU
		{4A4F0F63-9224-47C2-85E8-73848B325AC8}.Debug|x64.ActiveCfg = Debug|Any CPU
		{4A4F0F63-9224-47C2-85E8-73848B325AC8}.Debug|x64.Build.0 = Debug|Any CPU
		{4A4F0F63-9224-47C2-85E8-73848B325AC8}.Debug|x86.ActiveCfg = Debug|Any CPU
		{4A4F0F63-9224-47C2-85E8-73848B325AC8}.Debug|x86.Build.0 = Debug|Any CPU
		{4A4F0F63-9224-47C2-85E8-73848B325AC8}.Release|Any CPU.ActiveCfg = Release|Any CPU
		{4A4F0F63-9224-47C2-85E8-73848B325AC8}.Release|Any CPU.Build.0 = Release|Any CPU
		{4A4F0F63-9224-47C2-85E8-73848B325AC8}.Release|x64.ActiveCfg = Release|Any CPU
		{4A4F0F63-9224-47C2-85E8-73848B325AC8}.Release|x64.Build.0 = Release|Any CPU
		{4A4F0F63-9224-47C2-85E8-73848B325AC8}.Release|x86.ActiveCfg = Release|Any CPU
		{4A4F0F63-9224-47C2-85E8-73848B325AC8}.Release|x86.Build.0 = Release|Any CPU
		{AAA979BF-0301-459A-AC4A-9A54D07CE909}.Debug|Any CPU.ActiveCfg = Debug|Any CPU
		{AAA979BF-0301-459A-AC4A-9A54D07CE909}.Debug|Any CPU.Build.0 = Debug|Any CPU
		{AAA979BF-0301-459A-AC4A-9A54D07CE909}.Debug|x64.ActiveCfg = Debug|Any CPU
		{AAA979BF-0301-459A-AC4A-9A54D07CE909}.Debug|x64.Build.0 = Debug|Any CPU
		{AAA979BF-0301-459A-AC4A-9A54D07CE909}.Debug|x86.ActiveCfg = Debug|Any CPU
		{AAA979BF-0301-459A-AC4A-9A54D07CE909}.Debug|x86.Build.0 = Debug|Any CPU
		{AAA979BF-0301-459A-AC4A-9A54D07CE909}.Release|Any CPU.ActiveCfg = Release|Any CPU
		{AAA979BF-0301-459A-AC4A-9A54D07CE909}.Release|Any CPU.Build.0 = Release|Any CPU
		{AAA979BF-0301-459A-AC4A-9A54D07CE909}.Release|x64.ActiveCfg = Release|Any CPU
		{AAA979BF-0301-459A-AC4A-9A54D07CE909}.Release|x64.Build.0 = Release|Any CPU
		{AAA979BF-0301-459A-AC4A-9A54D07CE909}.Release|x86.ActiveCfg = Release|Any CPU
		{AAA979BF-0301-459A-AC4A-9A54D07CE909}.Release|x86.Build.0 = Release|Any CPU
		{B0A4AD90-166E-4483-9E5D-FEBC63547415}.Debug|Any CPU.ActiveCfg = Debug|Any CPU
		{B0A4AD90-166E-4483-9E5D-FEBC63547415}.Debug|Any CPU.Build.0 = Debug|Any CPU
		{B0A4AD90-166E-4483-9E5D-FEBC63547415}.Debug|x64.ActiveCfg = Debug|Any CPU
		{B0A4AD90-166E-4483-9E5D-FEBC63547415}.Debug|x64.Build.0 = Debug|Any CPU
		{B0A4AD90-166E-4483-9E5D-FEBC63547415}.Debug|x86.ActiveCfg = Debug|Any CPU
		{B0A4AD90-166E-4483-9E5D-FEBC63547415}.Debug|x86.Build.0 = Debug|Any CPU
		{B0A4AD90-166E-4483-9E5D-FEBC63547415}.Release|Any CPU.ActiveCfg = Release|Any CPU
		{B0A4AD90-166E-4483-9E5D-FEBC63547415}.Release|Any CPU.Build.0 = Release|Any CPU
		{B0A4AD90-166E-4483-9E5D-FEBC63547415}.Release|x64.ActiveCfg = Release|Any CPU
		{B0A4AD90-166E-4483-9E5D-FEBC63547415}.Release|x64.Build.0 = Release|Any CPU
		{B0A4AD90-166E-4483-9E5D-FEBC63547415}.Release|x86.ActiveCfg = Release|Any CPU
		{B0A4AD90-166E-4483-9E5D-FEBC63547415}.Release|x86.Build.0 = Release|Any CPU
	EndGlobalSection
	GlobalSection(SolutionProperties) = preSolution
		HideSolutionNode = FALSE
	EndGlobalSection
	GlobalSection(NestedProjects) = preSolution
		{611DEE28-C6D6-40EF-95FA-4092E9F32AA0} = {3DF50B60-19A7-4A1C-B06D-C697DCD9D76B}
		{417D5E6E-144A-470B-BEAB-98AB1EC343E0} = {3DF50B60-19A7-4A1C-B06D-C697DCD9D76B}
		{874976AE-209D-438B-8F57-C0384D07EFAB} = {417D5E6E-144A-470B-BEAB-98AB1EC343E0}
		{450BB423-42CC-45C7-A65A-A347078B8895} = {611DEE28-C6D6-40EF-95FA-4092E9F32AA0}
		{C7979EED-5DF0-4B00-8803-85708CD452F1} = {611DEE28-C6D6-40EF-95FA-4092E9F32AA0}
		{F578E335-02D7-4ABF-A293-65F5BBFD2A02} = {3DF50B60-19A7-4A1C-B06D-C697DCD9D76B}
		{48648956-05DE-4E46-A009-2876F092F1B9} = {F578E335-02D7-4ABF-A293-65F5BBFD2A02}
		{5322DAEF-AF6F-4DEF-8059-56550A682F63} = {F578E335-02D7-4ABF-A293-65F5BBFD2A02}
		{E459DBE8-FCD0-413D-BB07-E581E73011C4} = {C365BC0D-8E76-4933-9D67-4CF36019B614}
		{86227639-1074-4B60-AE90-CF8AD07148AA} = {C365BC0D-8E76-4933-9D67-4CF36019B614}
		{DED1297A-0E8F-418E-A667-597EA25AD198} = {417D5E6E-144A-470B-BEAB-98AB1EC343E0}
		{3FB64B59-6E80-4CF4-BB08-720016EA5A7A} = {63FA1690-57E3-4540-BAF3-A08C7EB5EBF9}
		{AFFF8DF1-BDC2-4423-B064-31B991856484} = {3FB64B59-6E80-4CF4-BB08-720016EA5A7A}
		{F4860D2C-52AE-4635-8593-BC7FA7D9BA75} = {C0EB6BAB-0B5B-1CE5-0CA5-DFA179D58801}
		{4A4F0F63-9224-47C2-85E8-73848B325AC8} = {0D892DE6-664F-4FA6-BFCB-4411E1ABF398}
		{551EDE60-4BD3-41F7-B4C4-7131DF14353F} = {C8FA87B8-F880-A31F-22BB-D2ADFFC14D73}
		{AAA979BF-0301-459A-AC4A-9A54D07CE909} = {551EDE60-4BD3-41F7-B4C4-7131DF14353F}
		{B0A4AD90-166E-4483-9E5D-FEBC63547415} = {551EDE60-4BD3-41F7-B4C4-7131DF14353F}
	EndGlobalSection
	GlobalSection(ExtensibilityGlobals) = postSolution
		SolutionGuid = {E4703F98-2701-4548-8E8F-EB780E0E71C4}
	EndGlobalSection
EndGlobal
